// !$*UTF8*$!
{
	archiveVersion = 1;
	classes = {
	};
	objectVersion = 55;
	objects = {

/* Begin PBXBuildFile section */
		D2FE7DF636869D0488B04172 /* Pods_JSUFitness.framework in Frameworks */ = {isa = PBXBuildFile; fileRef = 479C90CE07B26C693ADE5A28 /* Pods_JSUFitness.framework */; };
		DF01152D27EA203100CBF2E2 /* AppDelegate.swift in Sources */ = {isa = PBXBuildFile; fileRef = DF01152C27EA203100CBF2E2 /* AppDelegate.swift */; };
		DF01152F27EA203100CBF2E2 /* SceneDelegate.swift in Sources */ = {isa = PBXBuildFile; fileRef = DF01152E27EA203100CBF2E2 /* SceneDelegate.swift */; };
		DF01153427EA203100CBF2E2 /* Main.storyboard in Resources */ = {isa = PBXBuildFile; fileRef = DF01153227EA203100CBF2E2 /* Main.storyboard */; };
		DF01153627EA203200CBF2E2 /* Assets.xcassets in Resources */ = {isa = PBXBuildFile; fileRef = DF01153527EA203200CBF2E2 /* Assets.xcassets */; };
		DF01153927EA203200CBF2E2 /* LaunchScreen.storyboard in Resources */ = {isa = PBXBuildFile; fileRef = DF01153727EA203200CBF2E2 /* LaunchScreen.storyboard */; };
		DF8988C827EB756900B26C94 /* ProfileViewController.swift in Sources */ = {isa = PBXBuildFile; fileRef = DF8988C727EB756900B26C94 /* ProfileViewController.swift */; };
		DFE7DA8127EA81E80080C801 /* ScheduleViewController.swift in Sources */ = {isa = PBXBuildFile; fileRef = DFE7DA8027EA81E80080C801 /* ScheduleViewController.swift */; };
		DFE7DA8327EA820C0080C801 /* NotificationTableTableViewController.swift in Sources */ = {isa = PBXBuildFile; fileRef = DFE7DA8227EA820C0080C801 /* NotificationTableTableViewController.swift */; };
		DFE7DA8527EAC1920080C801 /* ScheduleTableViewCell.swift in Sources */ = {isa = PBXBuildFile; fileRef = DFE7DA8427EAC1920080C801 /* ScheduleTableViewCell.swift */; };
/* End PBXBuildFile section */

/* Begin PBXFileReference section */
		479C90CE07B26C693ADE5A28 /* Pods_JSUFitness.framework */ = {isa = PBXFileReference; explicitFileType = wrapper.framework; includeInIndex = 0; path = Pods_JSUFitness.framework; sourceTree = BUILT_PRODUCTS_DIR; };
		5F4B282AC357361C95CC4ED8 /* Pods-JSUFitness.debug.xcconfig */ = {isa = PBXFileReference; includeInIndex = 1; lastKnownFileType = text.xcconfig; name = "Pods-JSUFitness.debug.xcconfig"; path = "Target Support Files/Pods-JSUFitness/Pods-JSUFitness.debug.xcconfig"; sourceTree = "<group>"; };
		63016E1BC4E10B62A71A2059 /* Pods-JSUFitness.release.xcconfig */ = {isa = PBXFileReference; includeInIndex = 1; lastKnownFileType = text.xcconfig; name = "Pods-JSUFitness.release.xcconfig"; path = "Target Support Files/Pods-JSUFitness/Pods-JSUFitness.release.xcconfig"; sourceTree = "<group>"; };
		DF01152927EA203100CBF2E2 /* JSUFitness.app */ = {isa = PBXFileReference; explicitFileType = wrapper.application; includeInIndex = 0; path = JSUFitness.app; sourceTree = BUILT_PRODUCTS_DIR; };
		DF01152C27EA203100CBF2E2 /* AppDelegate.swift */ = {isa = PBXFileReference; lastKnownFileType = sourcecode.swift; path = AppDelegate.swift; sourceTree = "<group>"; };
		DF01152E27EA203100CBF2E2 /* SceneDelegate.swift */ = {isa = PBXFileReference; lastKnownFileType = sourcecode.swift; path = SceneDelegate.swift; sourceTree = "<group>"; };
		DF01153327EA203100CBF2E2 /* Base */ = {isa = PBXFileReference; lastKnownFileType = file.storyboard; name = Base; path = Base.lproj/Main.storyboard; sourceTree = "<group>"; };
		DF01153527EA203200CBF2E2 /* Assets.xcassets */ = {isa = PBXFileReference; lastKnownFileType = folder.assetcatalog; path = Assets.xcassets; sourceTree = "<group>"; };
		DF01153827EA203200CBF2E2 /* Base */ = {isa = PBXFileReference; lastKnownFileType = file.storyboard; name = Base; path = Base.lproj/LaunchScreen.storyboard; sourceTree = "<group>"; };
		DF01153A27EA203200CBF2E2 /* Info.plist */ = {isa = PBXFileReference; lastKnownFileType = text.plist.xml; path = Info.plist; sourceTree = "<group>"; };
		DF8988C727EB756900B26C94 /* ProfileViewController.swift */ = {isa = PBXFileReference; lastKnownFileType = sourcecode.swift; path = ProfileViewController.swift; sourceTree = "<group>"; };
		DFE7DA8027EA81E80080C801 /* ScheduleViewController.swift */ = {isa = PBXFileReference; lastKnownFileType = sourcecode.swift; path = ScheduleViewController.swift; sourceTree = "<group>"; };
		DFE7DA8227EA820C0080C801 /* NotificationTableTableViewController.swift */ = {isa = PBXFileReference; lastKnownFileType = sourcecode.swift; path = NotificationTableTableViewController.swift; sourceTree = "<group>"; };
		DFE7DA8427EAC1920080C801 /* ScheduleTableViewCell.swift */ = {isa = PBXFileReference; lastKnownFileType = sourcecode.swift; path = ScheduleTableViewCell.swift; sourceTree = "<group>"; };
/* End PBXFileReference section */

/* Begin PBXFrameworksBuildPhase section */
		DF01152627EA203100CBF2E2 /* Frameworks */ = {
			isa = PBXFrameworksBuildPhase;
			buildActionMask = 2147483647;
			files = (
				D2FE7DF636869D0488B04172 /* Pods_JSUFitness.framework in Frameworks */,
			);
			runOnlyForDeploymentPostprocessing = 0;
		};
/* End PBXFrameworksBuildPhase section */

/* Begin PBXGroup section */
		2774C66A36CD6581100BC0EA /* Frameworks */ = {
			isa = PBXGroup;
			children = (
				479C90CE07B26C693ADE5A28 /* Pods_JSUFitness.framework */,
			);
			name = Frameworks;
			sourceTree = "<group>";
		};
		C5C9766F4634635D0AA2D164 /* Pods */ = {
			isa = PBXGroup;
			children = (
				5F4B282AC357361C95CC4ED8 /* Pods-JSUFitness.debug.xcconfig */,
				63016E1BC4E10B62A71A2059 /* Pods-JSUFitness.release.xcconfig */,
			);
			path = Pods;
			sourceTree = "<group>";
		};
		DF01152027EA203100CBF2E2 = {
			isa = PBXGroup;
			children = (
				DF01152B27EA203100CBF2E2 /* JSUFitness */,
				DF01152A27EA203100CBF2E2 /* Products */,
				C5C9766F4634635D0AA2D164 /* Pods */,
				2774C66A36CD6581100BC0EA /* Frameworks */,
			);
			sourceTree = "<group>";
		};
		DF01152A27EA203100CBF2E2 /* Products */ = {
			isa = PBXGroup;
			children = (
				DF01152927EA203100CBF2E2 /* JSUFitness.app */,
			);
			name = Products;
			sourceTree = "<group>";
		};
		DF01152B27EA203100CBF2E2 /* JSUFitness */ = {
			isa = PBXGroup;
			children = (
				DF01153227EA203100CBF2E2 /* Main.storyboard */,
				DF01152C27EA203100CBF2E2 /* AppDelegate.swift */,
				DF01152E27EA203100CBF2E2 /* SceneDelegate.swift */,
				DFE7DA8027EA81E80080C801 /* ScheduleViewController.swift */,
				DFE7DA8427EAC1920080C801 /* ScheduleTableViewCell.swift */,
				DFE7DA8227EA820C0080C801 /* NotificationTableTableViewController.swift */,
				DF8988C727EB756900B26C94 /* ProfileViewController.swift */,
				DF01153527EA203200CBF2E2 /* Assets.xcassets */,
				DF01153727EA203200CBF2E2 /* LaunchScreen.storyboard */,
				DF01153A27EA203200CBF2E2 /* Info.plist */,
			);
			path = JSUFitness;
			sourceTree = "<group>";
		};
/* End PBXGroup section */

/* Begin PBXNativeTarget section */
		DF01152827EA203100CBF2E2 /* JSUFitness */ = {
			isa = PBXNativeTarget;
			buildConfigurationList = DF01153D27EA203200CBF2E2 /* Build configuration list for PBXNativeTarget "JSUFitness" */;
			buildPhases = (
				F1A1D9B12B291F1AEB67D233 /* [CP] Check Pods Manifest.lock */,
				DF01152527EA203100CBF2E2 /* Sources */,
				DF01152627EA203100CBF2E2 /* Frameworks */,
				DF01152727EA203100CBF2E2 /* Resources */,
				31433546400D957EBA17831F /* [CP] Embed Pods Frameworks */,
			);
			buildRules = (
			);
			dependencies = (
			);
			name = JSUFitness;
			productName = JSUFitness;
			productReference = DF01152927EA203100CBF2E2 /* JSUFitness.app */;
			productType = "com.apple.product-type.application";
		};
/* End PBXNativeTarget section */

/* Begin PBXProject section */
		DF01152127EA203100CBF2E2 /* Project object */ = {
			isa = PBXProject;
			attributes = {
				BuildIndependentTargetsInParallel = 1;
				LastSwiftUpdateCheck = 1330;
				LastUpgradeCheck = 1330;
				TargetAttributes = {
					DF01152827EA203100CBF2E2 = {
						CreatedOnToolsVersion = 13.3;
					};
				};
			};
			buildConfigurationList = DF01152427EA203100CBF2E2 /* Build configuration list for PBXProject "JSUFitness" */;
			compatibilityVersion = "Xcode 13.0";
			developmentRegion = en;
			hasScannedForEncodings = 0;
			knownRegions = (
				en,
				Base,
			);
			mainGroup = DF01152027EA203100CBF2E2;
			productRefGroup = DF01152A27EA203100CBF2E2 /* Products */;
			projectDirPath = "";
			projectRoot = "";
			targets = (
				DF01152827EA203100CBF2E2 /* JSUFitness */,
			);
		};
/* End PBXProject section */

/* Begin PBXResourcesBuildPhase section */
		DF01152727EA203100CBF2E2 /* Resources */ = {
			isa = PBXResourcesBuildPhase;
			buildActionMask = 2147483647;
			files = (
				DF01153927EA203200CBF2E2 /* LaunchScreen.storyboard in Resources */,
				DF01153627EA203200CBF2E2 /* Assets.xcassets in Resources */,
				DF01153427EA203100CBF2E2 /* Main.storyboard in Resources */,
			);
			runOnlyForDeploymentPostprocessing = 0;
		};
/* End PBXResourcesBuildPhase section */

/* Begin PBXShellScriptBuildPhase section */
		31433546400D957EBA17831F /* [CP] Embed Pods Frameworks */ = {
			isa = PBXShellScriptBuildPhase;
			buildActionMask = 2147483647;
			files = (
			);
			inputFileListPaths = (
				"${PODS_ROOT}/Target Support Files/Pods-JSUFitness/Pods-JSUFitness-frameworks-${CONFIGURATION}-input-files.xcfilelist",
			);
			name = "[CP] Embed Pods Frameworks";
			outputFileListPaths = (
				"${PODS_ROOT}/Target Support Files/Pods-JSUFitness/Pods-JSUFitness-frameworks-${CONFIGURATION}-output-files.xcfilelist",
			);
			runOnlyForDeploymentPostprocessing = 0;
			shellPath = /bin/sh;
			shellScript = "\"${PODS_ROOT}/Target Support Files/Pods-JSUFitness/Pods-JSUFitness-frameworks.sh\"\n";
			showEnvVarsInLog = 0;
		};
		F1A1D9B12B291F1AEB67D233 /* [CP] Check Pods Manifest.lock */ = {
			isa = PBXShellScriptBuildPhase;
			buildActionMask = 2147483647;
			files = (
			);
			inputFileListPaths = (
			);
			inputPaths = (
				"${PODS_PODFILE_DIR_PATH}/Podfile.lock",
				"${PODS_ROOT}/Manifest.lock",
			);
			name = "[CP] Check Pods Manifest.lock";
			outputFileListPaths = (
			);
			outputPaths = (
				"$(DERIVED_FILE_DIR)/Pods-JSUFitness-checkManifestLockResult.txt",
			);
			runOnlyForDeploymentPostprocessing = 0;
			shellPath = /bin/sh;
			shellScript = "diff \"${PODS_PODFILE_DIR_PATH}/Podfile.lock\" \"${PODS_ROOT}/Manifest.lock\" > /dev/null\nif [ $? != 0 ] ; then\n    # print error to STDERR\n    echo \"error: The sandbox is not in sync with the Podfile.lock. Run 'pod install' or update your CocoaPods installation.\" >&2\n    exit 1\nfi\n# This output is used by Xcode 'outputs' to avoid re-running this script phase.\necho \"SUCCESS\" > \"${SCRIPT_OUTPUT_FILE_0}\"\n";
			showEnvVarsInLog = 0;
		};
/* End PBXShellScriptBuildPhase section */

/* Begin PBXSourcesBuildPhase section */
		DF01152527EA203100CBF2E2 /* Sources */ = {
			isa = PBXSourcesBuildPhase;
			buildActionMask = 2147483647;
			files = (
				DF8988C827EB756900B26C94 /* ProfileViewController.swift in Sources */,
				DFE7DA8127EA81E80080C801 /* ScheduleViewController.swift in Sources */,
				DFE7DA8527EAC1920080C801 /* ScheduleTableViewCell.swift in Sources */,
				DF01152D27EA203100CBF2E2 /* AppDelegate.swift in Sources */,
				DF01152F27EA203100CBF2E2 /* SceneDelegate.swift in Sources */,
				DFE7DA8327EA820C0080C801 /* NotificationTableTableViewController.swift in Sources */,
			);
			runOnlyForDeploymentPostprocessing = 0;
		};
/* End PBXSourcesBuildPhase section */

/* Begin PBXVariantGroup section */
		DF01153227EA203100CBF2E2 /* Main.storyboard */ = {
			isa = PBXVariantGroup;
			children = (
				DF01153327EA203100CBF2E2 /* Base */,
			);
			name = Main.storyboard;
			sourceTree = "<group>";
		};
		DF01153727EA203200CBF2E2 /* LaunchScreen.storyboard */ = {
			isa = PBXVariantGroup;
			children = (
				DF01153827EA203200CBF2E2 /* Base */,
			);
			name = LaunchScreen.storyboard;
			sourceTree = "<group>";
		};
/* End PBXVariantGroup section */

/* Begin XCBuildConfiguration section */
		DF01153B27EA203200CBF2E2 /* Debug */ = {
			isa = XCBuildConfiguration;
			buildSettings = {
				ALWAYS_SEARCH_USER_PATHS = NO;
				CLANG_ANALYZER_NONNULL = YES;
				CLANG_ANALYZER_NUMBER_OBJECT_CONVERSION = YES_AGGRESSIVE;
				CLANG_CXX_LANGUAGE_STANDARD = "gnu++17";
				CLANG_ENABLE_MODULES = YES;
				CLANG_ENABLE_OBJC_ARC = YES;
				CLANG_ENABLE_OBJC_WEAK = YES;
				CLANG_WARN_BLOCK_CAPTURE_AUTORELEASING = YES;
				CLANG_WARN_BOOL_CONVERSION = YES;
				CLANG_WARN_COMMA = YES;
				CLANG_WARN_CONSTANT_CONVERSION = YES;
				CLANG_WARN_DEPRECATED_OBJC_IMPLEMENTATIONS = YES;
				CLANG_WARN_DIRECT_OBJC_ISA_USAGE = YES_ERROR;
				CLANG_WARN_DOCUMENTATION_COMMENTS = YES;
				CLANG_WARN_EMPTY_BODY = YES;
				CLANG_WARN_ENUM_CONVERSION = YES;
				CLANG_WARN_INFINITE_RECURSION = YES;
				CLANG_WARN_INT_CONVERSION = YES;
				CLANG_WARN_NON_LITERAL_NULL_CONVERSION = YES;
				CLANG_WARN_OBJC_IMPLICIT_RETAIN_SELF = YES;
				CLANG_WARN_OBJC_LITERAL_CONVERSION = YES;
				CLANG_WARN_OBJC_ROOT_CLASS = YES_ERROR;
				CLANG_WARN_QUOTED_INCLUDE_IN_FRAMEWORK_HEADER = YES;
				CLANG_WARN_RANGE_LOOP_ANALYSIS = YES;
				CLANG_WARN_STRICT_PROTOTYPES = YES;
				CLANG_WARN_SUSPICIOUS_MOVE = YES;
				CLANG_WARN_UNGUARDED_AVAILABILITY = YES_AGGRESSIVE;
				CLANG_WARN_UNREACHABLE_CODE = YES;
				CLANG_WARN__DUPLICATE_METHOD_MATCH = YES;
				COPY_PHASE_STRIP = NO;
				DEBUG_INFORMATION_FORMAT = dwarf;
				ENABLE_STRICT_OBJC_MSGSEND = YES;
				ENABLE_TESTABILITY = YES;
				GCC_C_LANGUAGE_STANDARD = gnu11;
				GCC_DYNAMIC_NO_PIC = NO;
				GCC_NO_COMMON_BLOCKS = YES;
				GCC_OPTIMIZATION_LEVEL = 0;
				GCC_PREPROCESSOR_DEFINITIONS = (
					"DEBUG=1",
					"$(inherited)",
				);
				GCC_WARN_64_TO_32_BIT_CONVERSION = YES;
				GCC_WARN_ABOUT_RETURN_TYPE = YES_ERROR;
				GCC_WARN_UNDECLARED_SELECTOR = YES;
				GCC_WARN_UNINITIALIZED_AUTOS = YES_AGGRESSIVE;
				GCC_WARN_UNUSED_FUNCTION = YES;
				GCC_WARN_UNUSED_VARIABLE = YES;
				IPHONEOS_DEPLOYMENT_TARGET = 15.4;
				MTL_ENABLE_DEBUG_INFO = INCLUDE_SOURCE;
				MTL_FAST_MATH = YES;
				ONLY_ACTIVE_ARCH = YES;
				SDKROOT = iphoneos;
				SWIFT_ACTIVE_COMPILATION_CONDITIONS = DEBUG;
				SWIFT_OPTIMIZATION_LEVEL = "-Onone";
			};
			name = Debug;
		};
		DF01153C27EA203200CBF2E2 /* Release */ = {
			isa = XCBuildConfiguration;
			buildSettings = {
				ALWAYS_SEARCH_USER_PATHS = NO;
				CLANG_ANALYZER_NONNULL = YES;
				CLANG_ANALYZER_NUMBER_OBJECT_CONVERSION = YES_AGGRESSIVE;
				CLANG_CXX_LANGUAGE_STANDARD = "gnu++17";
				CLANG_ENABLE_MODULES = YES;
				CLANG_ENABLE_OBJC_ARC = YES;
				CLANG_ENABLE_OBJC_WEAK = YES;
				CLANG_WARN_BLOCK_CAPTURE_AUTORELEASING = YES;
				CLANG_WARN_BOOL_CONVERSION = YES;
				CLANG_WARN_COMMA = YES;
				CLANG_WARN_CONSTANT_CONVERSION = YES;
				CLANG_WARN_DEPRECATED_OBJC_IMPLEMENTATIONS = YES;
				CLANG_WARN_DIRECT_OBJC_ISA_USAGE = YES_ERROR;
				CLANG_WARN_DOCUMENTATION_COMMENTS = YES;
				CLANG_WARN_EMPTY_BODY = YES;
				CLANG_WARN_ENUM_CONVERSION = YES;
				CLANG_WARN_INFINITE_RECURSION = YES;
				CLANG_WARN_INT_CONVERSION = YES;
				CLANG_WARN_NON_LITERAL_NULL_CONVERSION = YES;
				CLANG_WARN_OBJC_IMPLICIT_RETAIN_SELF = YES;
				CLANG_WARN_OBJC_LITERAL_CONVERSION = YES;
				CLANG_WARN_OBJC_ROOT_CLASS = YES_ERROR;
				CLANG_WARN_QUOTED_INCLUDE_IN_FRAMEWORK_HEADER = YES;
				CLANG_WARN_RANGE_LOOP_ANALYSIS = YES;
				CLANG_WARN_STRICT_PROTOTYPES = YES;
				CLANG_WARN_SUSPICIOUS_MOVE = YES;
				CLANG_WARN_UNGUARDED_AVAILABILITY = YES_AGGRESSIVE;
				CLANG_WARN_UNREACHABLE_CODE = YES;
				CLANG_WARN__DUPLICATE_METHOD_MATCH = YES;
				COPY_PHASE_STRIP = NO;
				DEBUG_INFORMATION_FORMAT = "dwarf-with-dsym";
				ENABLE_NS_ASSERTIONS = NO;
				ENABLE_STRICT_OBJC_MSGSEND = YES;
				GCC_C_LANGUAGE_STANDARD = gnu11;
				GCC_NO_COMMON_BLOCKS = YES;
				GCC_WARN_64_TO_32_BIT_CONVERSION = YES;
				GCC_WARN_ABOUT_RETURN_TYPE = YES_ERROR;
				GCC_WARN_UNDECLARED_SELECTOR = YES;
				GCC_WARN_UNINITIALIZED_AUTOS = YES_AGGRESSIVE;
				GCC_WARN_UNUSED_FUNCTION = YES;
				GCC_WARN_UNUSED_VARIABLE = YES;
				IPHONEOS_DEPLOYMENT_TARGET = 15.4;
				MTL_ENABLE_DEBUG_INFO = NO;
				MTL_FAST_MATH = YES;
				SDKROOT = iphoneos;
				SWIFT_COMPILATION_MODE = wholemodule;
				SWIFT_OPTIMIZATION_LEVEL = "-O";
				VALIDATE_PRODUCT = YES;
			};
			name = Release;
		};
		DF01153E27EA203200CBF2E2 /* Debug */ = {
			isa = XCBuildConfiguration;
			baseConfigurationReference = 5F4B282AC357361C95CC4ED8 /* Pods-JSUFitness.debug.xcconfig */;
			buildSettings = {
				ASSETCATALOG_COMPILER_APPICON_NAME = AppIcon;
				ASSETCATALOG_COMPILER_GLOBAL_ACCENT_COLOR_NAME = AccentColor;
				CODE_SIGN_STYLE = Automatic;
				CURRENT_PROJECT_VERSION = 1;
				DEVELOPMENT_TEAM = Y6RK3XXLPA;
				GENERATE_INFOPLIST_FILE = YES;
				INFOPLIST_FILE = JSUFitness/Info.plist;
				INFOPLIST_KEY_UIApplicationSupportsIndirectInputEvents = YES;
				INFOPLIST_KEY_UILaunchStoryboardName = LaunchScreen;
				INFOPLIST_KEY_UIMainStoryboardFile = Main;
				INFOPLIST_KEY_UISupportedInterfaceOrientations_iPad = "UIInterfaceOrientationPortrait UIInterfaceOrientationPortraitUpsideDown UIInterfaceOrientationLandscapeLeft UIInterfaceOrientationLandscapeRight";
				INFOPLIST_KEY_UISupportedInterfaceOrientations_iPhone = "UIInterfaceOrientationPortrait UIInterfaceOrientationLandscapeLeft UIInterfaceOrientationLandscapeRight";
				LD_RUNPATH_SEARCH_PATHS = (
					"$(inherited)",
					"@executable_path/Frameworks",
				);
				MARKETING_VERSION = 1.0;
				PRODUCT_BUNDLE_IDENTIFIER = chao.codepath.JSUFitness;
				PRODUCT_NAME = "$(TARGET_NAME)";
				SWIFT_EMIT_LOC_STRINGS = YES;
				SWIFT_VERSION = 5.0;
				TARGETED_DEVICE_FAMILY = "1,2";
			};
			name = Debug;
		};
		DF01153F27EA203200CBF2E2 /* Release */ = {
			isa = XCBuildConfiguration;
			baseConfigurationReference = 63016E1BC4E10B62A71A2059 /* Pods-JSUFitness.release.xcconfig */;
			buildSettings = {
				ASSETCATALOG_COMPILER_APPICON_NAME = AppIcon;
				ASSETCATALOG_COMPILER_GLOBAL_ACCENT_COLOR_NAME = AccentColor;
				CODE_SIGN_STYLE = Automatic;
				CURRENT_PROJECT_VERSION = 1;
				DEVELOPMENT_TEAM = Y6RK3XXLPA;
				GENERATE_INFOPLIST_FILE = YES;
				INFOPLIST_FILE = JSUFitness/Info.plist;
				INFOPLIST_KEY_UIApplicationSupportsIndirectInputEvents = YES;
				INFOPLIST_KEY_UILaunchStoryboardName = LaunchScreen;
				INFOPLIST_KEY_UIMainStoryboardFile = Main;
				INFOPLIST_KEY_UISupportedInterfaceOrientations_iPad = "UIInterfaceOrientationPortrait UIInterfaceOrientationPortraitUpsideDown UIInterfaceOrientationLandscapeLeft UIInterfaceOrientationLandscapeRight";
				INFOPLIST_KEY_UISupportedInterfaceOrientations_iPhone = "UIInterfaceOrientationPortrait UIInterfaceOrientationLandscapeLeft UIInterfaceOrientationLandscapeRight";
				LD_RUNPATH_SEARCH_PATHS = (
					"$(inherited)",
					"@executable_path/Frameworks",
				);
				MARKETING_VERSION = 1.0;
				PRODUCT_BUNDLE_IDENTIFIER = chao.codepath.JSUFitness;
				PRODUCT_NAME = "$(TARGET_NAME)";
				SWIFT_EMIT_LOC_STRINGS = YES;
				SWIFT_VERSION = 5.0;
				TARGETED_DEVICE_FAMILY = "1,2";
			};
			name = Release;
		};
/* End XCBuildConfiguration section */

/* Begin XCConfigurationList section */
		DF01152427EA203100CBF2E2 /* Build configuration list for PBXProject "JSUFitness" */ = {
			isa = XCConfigurationList;
			buildConfigurations = (
				DF01153B27EA203200CBF2E2 /* Debug */,
				DF01153C27EA203200CBF2E2 /* Release */,
			);
			defaultConfigurationIsVisible = 0;
			defaultConfigurationName = Release;
		};
		DF01153D27EA203200CBF2E2 /* Build configuration list for PBXNativeTarget "JSUFitness" */ = {
			isa = XCConfigurationList;
			buildConfigurations = (
				DF01153E27EA203200CBF2E2 /* Debug */,
				DF01153F27EA203200CBF2E2 /* Release */,
			);
			defaultConfigurationIsVisible = 0;
			defaultConfigurationName = Release;
		};
/* End XCConfigurationList section */
	};
	rootObject = DF01152127EA203100CBF2E2 /* Project object */;
}
